
Microsoft Visual Studio Solution File, Format Version 12.00
# Visual Studio Version 16
VisualStudioVersion = 16.0.29326.143
MinimumVisualStudioVersion = 10.0.40219.1
Project("{FAE04EC0-301F-11D3-BF4B-00C04F79EFBC}") = "PuppetMaster", "PuppetMaster\PuppetMaster.csproj", "{61573FE1-D04F-49E5-B88B-74FDFB04088A}"
EndProject
Project("{9A19103F-16F7-4668-BE54-9A1E7A4F7556}") = "CommonTypes", "CommonTypes\CommonTypes.csproj", "{D53AEE3A-43D9-4FCF-8E6B-0F842F871D5D}"
EndProject
Project("{FAE04EC0-301F-11D3-BF4B-00C04F79EFBC}") = "Client", "WindowsFormsApp1\Client.csproj", "{14C504FA-C961-430C-9323-CB02AF0A9169}"
EndProject
Project("{FAE04EC0-301F-11D3-BF4B-00C04F79EFBC}") = "Server", "Server\Server.csproj", "{A1CBB16B-FD69-41BE-B30E-67717E9EC882}"
EndProject
Project("{FAE04EC0-301F-11D3-BF4B-00C04F79EFBC}") = "ServicesCreator", "ServicesCreator\ServicesCreator.csproj", "{73E7A2FE-4371-4859-810B-1AB2B87A3DA7}"
EndProject
Global
	GlobalSection(SolutionConfigurationPlatforms) = preSolution
		Debug|Any CPU = Debug|Any CPU
		Release|Any CPU = Release|Any CPU
	EndGlobalSection
	GlobalSection(ProjectConfigurationPlatforms) = postSolution
		{61573FE1-D04F-49E5-B88B-74FDFB04088A}.Debug|Any CPU.ActiveCfg = Debug|Any CPU
		{61573FE1-D04F-49E5-B88B-74FDFB04088A}.Debug|Any CPU.Build.0 = Debug|Any CPU
		{61573FE1-D04F-49E5-B88B-74FDFB04088A}.Release|Any CPU.ActiveCfg = Release|Any CPU
		{61573FE1-D04F-49E5-B88B-74FDFB04088A}.Release|Any CPU.Build.0 = Release|Any CPU
		{D53AEE3A-43D9-4FCF-8E6B-0F842F871D5D}.Debug|Any CPU.ActiveCfg = Debug|Any CPU
		{D53AEE3A-43D9-4FCF-8E6B-0F842F871D5D}.Debug|Any CPU.Build.0 = Debug|Any CPU
		{D53AEE3A-43D9-4FCF-8E6B-0F842F871D5D}.Release|Any CPU.ActiveCfg = Release|Any CPU
		{D53AEE3A-43D9-4FCF-8E6B-0F842F871D5D}.Release|Any CPU.Build.0 = Release|Any CPU
		{14C504FA-C961-430C-9323-CB02AF0A9169}.Debug|Any CPU.ActiveCfg = Debug|Any CPU
		{14C504FA-C961-430C-9323-CB02AF0A9169}.Debug|Any CPU.Build.0 = Debug|Any CPU
		{14C504FA-C961-430C-9323-CB02AF0A9169}.Release|Any CPU.ActiveCfg = Release|Any CPU
		{14C504FA-C961-430C-9323-CB02AF0A9169}.Release|Any CPU.Build.0 = Release|Any CPU
		{A1CBB16B-FD69-41BE-B30E-67717E9EC882}.Debug|Any CPU.ActiveCfg = Debug|Any CPU
		{A1CBB16B-FD69-41BE-B30E-67717E9EC882}.Debug|Any CPU.Build.0 = Debug|Any CPU
		{A1CBB16B-FD69-41BE-B30E-67717E9EC882}.Release|Any CPU.ActiveCfg = Release|Any CPU
		{A1CBB16B-FD69-41BE-B30E-67717E9EC882}.Release|Any CPU.Build.0 = Release|Any CPU
		{73E7A2FE-4371-4859-810B-1AB2B87A3DA7}.Debug|Any CPU.ActiveCfg = Debug|Any CPU
		{73E7A2FE-4371-4859-810B-1AB2B87A3DA7}.Debug|Any CPU.Build.0 = Debug|Any CPU
		{73E7A2FE-4371-4859-810B-1AB2B87A3DA7}.Release|Any CPU.ActiveCfg = Release|Any CPU
		{73E7A2FE-4371-4859-810B-1AB2B87A3DA7}.Release|Any CPU.Build.0 = Release|Any CPU
	EndGlobalSection
	GlobalSection(SolutionProperties) = preSolution
		HideSolutionNode = FALSE
	EndGlobalSection
	GlobalSection(ExtensibilityGlobals) = postSolution
		SolutionGuid = {75487820-C5D7-4810-A5EA-8DF81B25BA99}
	EndGlobalSection
EndGlobal
